
Microsoft Visual Studio Solution File, Format Version 12.00
# Visual Studio 15
VisualStudioVersion = 15.0.27428.2037
MinimumVisualStudioVersion = 10.0.40219.1
Project("{9A19103F-16F7-4668-BE54-9A1E7A4F7556}") = "EntityFramework.Repository", "src\Repository\EntityFramework.Repository.csproj", "{C07F2949-07DF-4AAD-9ACB-FAB097E76C38}"
EndProject
Project("{2150E333-8FDC-42A3-9474-1A3956D46DE8}") = "src", "src", "{FB90F0BE-48E7-4A35-B793-712ECEBA07CE}"
EndProject
Global
	GlobalSection(SolutionConfigurationPlatforms) = preSolution
		Debug|Any CPU = Debug|Any CPU
		Release|Any CPU = Release|Any CPU
	EndGlobalSection
	GlobalSection(ProjectConfigurationPlatforms) = postSolution
		{C07F2949-07DF-4AAD-9ACB-FAB097E76C38}.Debug|Any CPU.ActiveCfg = Debug|Any CPU
		{C07F2949-07DF-4AAD-9ACB-FAB097E76C38}.Debug|Any CPU.Build.0 = Debug|Any CPU
		{C07F2949-07DF-4AAD-9ACB-FAB097E76C38}.Release|Any CPU.ActiveCfg = Release|Any CPU
		{C07F2949-07DF-4AAD-9ACB-FAB097E76C38}.Release|Any CPU.Build.0 = Release|Any CPU
	EndGlobalSection
	GlobalSection(SolutionProperties) = preSolution
		HideSolutionNode = FALSE
	EndGlobalSection
	GlobalSection(NestedProjects) = preSolution
		{C07F2949-07DF-4AAD-9ACB-FAB097E76C38} = {FB90F0BE-48E7-4A35-B793-712ECEBA07CE}
	EndGlobalSection
	GlobalSection(ExtensibilityGlobals) = postSolution
		SolutionGuid = {AC689AFF-FB8B-4670-ABBA-D3B6A4510445}
	EndGlobalSection
EndGlobal
